{
  "name": "examples",
  "version": "1.0.0",
  "lockfileVersion": 3,
  "requires": true,
  "packages": {
    "": {
      "name": "examples",
      "version": "1.0.0",
      "license": "ISC",
      "dependencies": {
        "napi-rs-child-process": "^0.0.5"
      }
    },
    "node_modules/napi-rs-child-process": {
      "version": "0.0.5",
      "resolved": "https://registry.npmjs.org/napi-rs-child-process/-/napi-rs-child-process-0.0.5.tgz",
      "integrity": "sha512-J1yVeHtY/Y5B2e9GQV6sHxAn5VTx4Z+UKSZGxIihX2eHWCSArkxktaBJJImxsmEFIqjAk6tC6L3TObphY7tu2g==",
      "engines": {
        "node": ">= 10"
      },
      "optionalDependencies": {
        "napi-rs-child-process-darwin-arm64": "0.0.5",
        "napi-rs-child-process-darwin-x64": "0.0.5",
        "napi-rs-child-process-linux-x64-gnu": "0.0.5"
      }
    },
    "node_modules/napi-rs-child-process-darwin-arm64": {
      "version": "0.0.5",
      "resolved": "https://registry.npmjs.org/napi-rs-child-process-darwin-arm64/-/napi-rs-child-process-darwin-arm64-0.0.5.tgz",
      "integrity": "sha512-EkAiEFQKU8DdbUz94UobLuXxtm6Tm/j/214pqMKBwILzacgjigfUhzbX0MVhOTN7nY5BFznooh/8vQiyhlpjvw==",
      "cpu": [
        "arm64"
      ],
      "optional": true,
      "os": [
        "darwin"
      ],
      "engines": {
        "node": ">= 10"
      }
    },
    "node_modules/napi-rs-child-process-darwin-x64": {
      "version": "0.0.5",
      "resolved": "https://registry.npmjs.org/napi-rs-child-process-darwin-x64/-/napi-rs-child-process-darwin-x64-0.0.5.tgz",
      "integrity": "sha512-TAgappB0uH4MDeKGVZk0lyLz2UHJjSQV5dL0XTqm/2S7yHg9jK23L7CoEBSraysHPmVMbTrPw6mpb0pGE0B8rQ==",
      "cpu": [
        "x64"
      ],
      "optional": true,
      "os": [
        "darwin"
      ],
      "engines": {
        "node": ">= 10"
      }
    },
    "node_modules/napi-rs-child-process-linux-x64-gnu": {
      "version": "0.0.5",
      "resolved": "https://registry.npmjs.org/napi-rs-child-process-linux-x64-gnu/-/napi-rs-child-process-linux-x64-gnu-0.0.5.tgz",
      "integrity": "sha512-1HlV9YG01rsr6o2HH7tILjKDXcxAysGWOfqr9xJd9WsfpUmM+3uJ38hSaqcFigcA1YNT9gp36+JksdGUAdwIIQ==",
      "cpu": [
        "x64"
      ],
      "optional": true,
      "os": [
        "linux"
      ],
      "engines": {
        "node": ">= 10"
      }
    }
  }
}
